
Microsoft Visual Studio Solution File, Format Version 12.00
# Visual Studio 2013
VisualStudioVersion = 12.0.30110.0
MinimumVisualStudioVersion = 10.0.40219.1
Project("{FAE04EC0-301F-11D3-BF4B-00C04F79EFBC}") = "Swish1o", "Swish1o.csproj", "{8FD98CF6-41E8-4D7A-9321-D8C0EA5366DF}"
EndProject
Global
	GlobalSection(SolutionConfigurationPlatforms) = preSolution
		Debug|Any CPU = Debug|Any CPU
		Release|Any CPU = Release|Any CPU
	EndGlobalSection
	GlobalSection(ProjectConfigurationPlatforms) = postSolution
		{8FD98CF6-41E8-4D7A-9321-D8C0EA5366DF}.Debug|Any CPU.ActiveCfg = Debug|Any CPU
		{8FD98CF6-41E8-4D7A-9321-D8C0EA5366DF}.Debug|Any CPU.Build.0 = Debug|Any CPU
		{8FD98CF6-41E8-4D7A-9321-D8C0EA5366DF}.Release|Any CPU.ActiveCfg = Release|Any CPU
		{8FD98CF6-41E8-4D7A-9321-D8C0EA5366DF}.Release|Any CPU.Build.0 = Release|Any CPU
	EndGlobalSection
	GlobalSection(SolutionProperties) = preSolution
		HideSolutionNode = FALSE
	EndGlobalSection
EndGlobal
